// !$*UTF8*$!
{
	archiveVersion = 1;
	classes = {
	};
	objectVersion = 46;
	objects = {

/* Begin PBXBuildFile section */
		5B456E081A04A4DF0017C065 /* main.m in Sources */ = {isa = PBXBuildFile; fileRef = 5B456E071A04A4DF0017C065 /* main.m */; };
		5B456E0B1A04A4DF0017C065 /* AppDelegate.m in Sources */ = {isa = PBXBuildFile; fileRef = 5B456E0A1A04A4DF0017C065 /* AppDelegate.m */; };
		5B456E0E1A04A4DF0017C065 /* posibaiostest.xcdatamodeld in Sources */ = {isa = PBXBuildFile; fileRef = 5B456E0C1A04A4DF0017C065 /* posibaiostest.xcdatamodeld */; };
		5B456E161A04A4DF0017C065 /* Images.xcassets in Resources */ = {isa = PBXBuildFile; fileRef = 5B456E151A04A4DF0017C065 /* Images.xcassets */; };
		5B456E341A04A5420017C065 /* BaseViewController.m in Sources */ = {isa = PBXBuildFile; fileRef = 5B456E331A04A5420017C065 /* BaseViewController.m */; };
		5B456E381A04A55D0017C065 /* MainViewController.m in Sources */ = {isa = PBXBuildFile; fileRef = 5B456E361A04A55D0017C065 /* MainViewController.m */; };
		5B456E391A04A55D0017C065 /* MainViewController.xib in Resources */ = {isa = PBXBuildFile; fileRef = 5B456E371A04A55D0017C065 /* MainViewController.xib */; };
		5B456E3B1A04B4C60017C065 /* QuartzCore.framework in Frameworks */ = {isa = PBXBuildFile; fileRef = 5B456E3A1A04B4C60017C065 /* QuartzCore.framework */; };
		5B456E4D1A04B7A00017C065 /* Accelerate.framework in Frameworks */ = {isa = PBXBuildFile; fileRef = 5B456E4C1A04B7A00017C065 /* Accelerate.framework */; };
		5B6946791A066B6800B341D1 /* DonationModel.m in Sources */ = {isa = PBXBuildFile; fileRef = 5B6946781A066B6800B341D1 /* DonationModel.m */; };
		5B69467C1A066C1D00B341D1 /* ModelManager.m in Sources */ = {isa = PBXBuildFile; fileRef = 5B69467B1A066C1D00B341D1 /* ModelManager.m */; };
		5BBF07AE1A0681D300140BC4 /* posibaiostest.json in Resources */ = {isa = PBXBuildFile; fileRef = 5BBF07AD1A0681D300140BC4 /* posibaiostest.json */; };
		5BEF8F311A05FFC300F4ACF8 /* libCorePlot-CocoaTouch.a in Frameworks */ = {isa = PBXBuildFile; fileRef = 5BEF8F2E1A05FFB800F4ACF8 /* libCorePlot-CocoaTouch.a */; };
/* End PBXBuildFile section */

/* Begin PBXContainerItemProxy section */
		5BEF8F2D1A05FFB800F4ACF8 /* PBXContainerItemProxy */ = {
			isa = PBXContainerItemProxy;
			containerPortal = 5BEF8F271A05FFB800F4ACF8 /* CorePlot-CocoaTouch.xcodeproj */;
			proxyType = 2;
			remoteGlobalIDString = BC9B83470FB8A0A40035D8DA;
			remoteInfo = "CorePlot-CocoaTouch";
		};
		5BEF8F2F1A05FFBE00F4ACF8 /* PBXContainerItemProxy */ = {
			isa = PBXContainerItemProxy;
			containerPortal = 5BEF8F271A05FFB800F4ACF8 /* CorePlot-CocoaTouch.xcodeproj */;
			proxyType = 1;
			remoteGlobalIDString = BC9B83460FB8A0A40035D8DA;
			remoteInfo = "CorePlot-CocoaTouch";
		};
/* End PBXContainerItemProxy section */

/* Begin PBXFileReference section */
		5B456E021A04A4DF0017C065 /* posibaiostest.app */ = {isa = PBXFileReference; explicitFileType = wrapper.application; includeInIndex = 0; path = posibaiostest.app; sourceTree = BUILT_PRODUCTS_DIR; };
		5B456E061A04A4DF0017C065 /* Info.plist */ = {isa = PBXFileReference; lastKnownFileType = text.plist.xml; path = Info.plist; sourceTree = "<group>"; };
		5B456E071A04A4DF0017C065 /* main.m */ = {isa = PBXFileReference; lastKnownFileType = sourcecode.c.objc; path = main.m; sourceTree = "<group>"; };
		5B456E091A04A4DF0017C065 /* AppDelegate.h */ = {isa = PBXFileReference; lastKnownFileType = sourcecode.c.h; path = AppDelegate.h; sourceTree = "<group>"; };
		5B456E0A1A04A4DF0017C065 /* AppDelegate.m */ = {isa = PBXFileReference; lastKnownFileType = sourcecode.c.objc; path = AppDelegate.m; sourceTree = "<group>"; };
		5B456E0D1A04A4DF0017C065 /* posibaiostest.xcdatamodel */ = {isa = PBXFileReference; lastKnownFileType = wrapper.xcdatamodel; path = posibaiostest.xcdatamodel; sourceTree = "<group>"; };
		5B456E151A04A4DF0017C065 /* Images.xcassets */ = {isa = PBXFileReference; lastKnownFileType = folder.assetcatalog; path = Images.xcassets; sourceTree = "<group>"; };
		5B456E181A04A4DF0017C065 /* Base */ = {isa = PBXFileReference; lastKnownFileType = file.xib; name = Base; path = Base.lproj/LaunchScreen.xib; sourceTree = "<group>"; };
		5B456E231A04A4E00017C065 /* Info.plist */ = {isa = PBXFileReference; lastKnownFileType = text.plist.xml; path = Info.plist; sourceTree = "<group>"; };
		5B456E241A04A4E00017C065 /* posibaiostestTests.m */ = {isa = PBXFileReference; lastKnownFileType = sourcecode.c.objc; path = posibaiostestTests.m; sourceTree = "<group>"; };
		5B456E321A04A5420017C065 /* BaseViewController.h */ = {isa = PBXFileReference; fileEncoding = 4; lastKnownFileType = sourcecode.c.h; name = BaseViewController.h; path = ViewControllers/BaseViewController.h; sourceTree = "<group>"; };
		5B456E331A04A5420017C065 /* BaseViewController.m */ = {isa = PBXFileReference; fileEncoding = 4; lastKnownFileType = sourcecode.c.objc; name = BaseViewController.m; path = ViewControllers/BaseViewController.m; sourceTree = "<group>"; };
		5B456E351A04A55D0017C065 /* MainViewController.h */ = {isa = PBXFileReference; fileEncoding = 4; lastKnownFileType = sourcecode.c.h; name = MainViewController.h; path = ViewControllers/MainViewController.h; sourceTree = "<group>"; };
		5B456E361A04A55D0017C065 /* MainViewController.m */ = {isa = PBXFileReference; fileEncoding = 4; lastKnownFileType = sourcecode.c.objc; name = MainViewController.m; path = ViewControllers/MainViewController.m; sourceTree = "<group>"; };
		5B456E371A04A55D0017C065 /* MainViewController.xib */ = {isa = PBXFileReference; fileEncoding = 4; lastKnownFileType = file.xib; name = MainViewController.xib; path = ViewControllers/MainViewController.xib; sourceTree = "<group>"; };
		5B456E3A1A04B4C60017C065 /* QuartzCore.framework */ = {isa = PBXFileReference; lastKnownFileType = wrapper.framework; name = QuartzCore.framework; path = System/Library/Frameworks/QuartzCore.framework; sourceTree = SDKROOT; };
		5B456E4A1A04B79A0017C065 /* Accounts.framework */ = {isa = PBXFileReference; lastKnownFileType = wrapper.framework; name = Accounts.framework; path = System/Library/Frameworks/Accounts.framework; sourceTree = SDKROOT; };
		5B456E4C1A04B7A00017C065 /* Accelerate.framework */ = {isa = PBXFileReference; lastKnownFileType = wrapper.framework; name = Accelerate.framework; path = System/Library/Frameworks/Accelerate.framework; sourceTree = SDKROOT; };
		5B6946771A066B6800B341D1 /* DonationModel.h */ = {isa = PBXFileReference; fileEncoding = 4; lastKnownFileType = sourcecode.c.h; name = DonationModel.h; path = Models/DonationModel.h; sourceTree = "<group>"; };
		5B6946781A066B6800B341D1 /* DonationModel.m */ = {isa = PBXFileReference; fileEncoding = 4; lastKnownFileType = sourcecode.c.objc; name = DonationModel.m; path = Models/DonationModel.m; sourceTree = "<group>"; };
		5B69467A1A066C1D00B341D1 /* ModelManager.h */ = {isa = PBXFileReference; fileEncoding = 4; lastKnownFileType = sourcecode.c.h; name = ModelManager.h; path = Manager/ModelManager.h; sourceTree = "<group>"; };
		5B69467B1A066C1D00B341D1 /* ModelManager.m */ = {isa = PBXFileReference; fileEncoding = 4; lastKnownFileType = sourcecode.c.objc; name = ModelManager.m; path = Manager/ModelManager.m; sourceTree = "<group>"; };
		5BBF07AD1A0681D300140BC4 /* posibaiostest.json */ = {isa = PBXFileReference; fileEncoding = 4; lastKnownFileType = text.json; path = posibaiostest.json; sourceTree = "<group>"; };
		5BEF8F271A05FFB800F4ACF8 /* CorePlot-CocoaTouch.xcodeproj */ = {isa = PBXFileReference; lastKnownFileType = "wrapper.pb-project"; name = "CorePlot-CocoaTouch.xcodeproj"; path = "CorePlot/CorePlot-CocoaTouch.xcodeproj"; sourceTree = "<group>"; };
/* End PBXFileReference section */

/* Begin PBXFrameworksBuildPhase section */
		5B456DFF1A04A4DF0017C065 /* Frameworks */ = {
			isa = PBXFrameworksBuildPhase;
			buildActionMask = 2147483647;
			files = (
				5BEF8F311A05FFC300F4ACF8 /* libCorePlot-CocoaTouch.a in Frameworks */,
				5B456E4D1A04B7A00017C065 /* Accelerate.framework in Frameworks */,
				5B456E3B1A04B4C60017C065 /* QuartzCore.framework in Frameworks */,
			);
			runOnlyForDeploymentPostprocessing = 0;
		};
/* End PBXFrameworksBuildPhase section */

/* Begin PBXGroup section */
		5B456DF91A04A4DF0017C065 = {
			isa = PBXGroup;
			children = (
				5B456E3E1A04B6220017C065 /* External Libs */,
				5B456E3D1A04B6170017C065 /* Frameworks */,
				5B456E041A04A4DF0017C065 /* posibaiostest */,
				5B456E211A04A4E00017C065 /* posibaiostestTests */,
				5B456E031A04A4DF0017C065 /* Products */,
			);
			sourceTree = "<group>";
		};
		5B456E031A04A4DF0017C065 /* Products */ = {
			isa = PBXGroup;
			children = (
				5B456E021A04A4DF0017C065 /* posibaiostest.app */,
			);
			name = Products;
			sourceTree = "<group>";
		};
		5B456E041A04A4DF0017C065 /* posibaiostest */ = {
			isa = PBXGroup;
			children = (
				5BBF07AD1A0681D300140BC4 /* posibaiostest.json */,
				5B6946761A066B3700B341D1 /* Managers */,
				5B6946751A066B3000B341D1 /* Models */,
				5B456E311A04A5110017C065 /* ViewControllers */,
				5B456E091A04A4DF0017C065 /* AppDelegate.h */,
				5B456E0A1A04A4DF0017C065 /* AppDelegate.m */,
				5B456E151A04A4DF0017C065 /* Images.xcassets */,
				5B456E171A04A4DF0017C065 /* LaunchScreen.xib */,
				5B456E0C1A04A4DF0017C065 /* posibaiostest.xcdatamodeld */,
				5B456E051A04A4DF0017C065 /* Supporting Files */,
			);
			path = posibaiostest;
			sourceTree = "<group>";
		};
		5B456E051A04A4DF0017C065 /* Supporting Files */ = {
			isa = PBXGroup;
			children = (
				5B456E061A04A4DF0017C065 /* Info.plist */,
				5B456E071A04A4DF0017C065 /* main.m */,
			);
			name = "Supporting Files";
			sourceTree = "<group>";
		};
		5B456E211A04A4E00017C065 /* posibaiostestTests */ = {
			isa = PBXGroup;
			children = (
				5B456E241A04A4E00017C065 /* posibaiostestTests.m */,
				5B456E221A04A4E00017C065 /* Supporting Files */,
			);
			path = posibaiostestTests;
			sourceTree = "<group>";
		};
		5B456E221A04A4E00017C065 /* Supporting Files */ = {
			isa = PBXGroup;
			children = (
				5B456E231A04A4E00017C065 /* Info.plist */,
			);
			name = "Supporting Files";
			sourceTree = "<group>";
		};
		5B456E311A04A5110017C065 /* ViewControllers */ = {
			isa = PBXGroup;
			children = (
				5B456E321A04A5420017C065 /* BaseViewController.h */,
				5B456E331A04A5420017C065 /* BaseViewController.m */,
				5B456E351A04A55D0017C065 /* MainViewController.h */,
				5B456E361A04A55D0017C065 /* MainViewController.m */,
				5B456E371A04A55D0017C065 /* MainViewController.xib */,
			);
			name = ViewControllers;
			sourceTree = "<group>";
		};
		5B456E3D1A04B6170017C065 /* Frameworks */ = {
			isa = PBXGroup;
			children = (
				5B456E4C1A04B7A00017C065 /* Accelerate.framework */,
				5B456E4A1A04B79A0017C065 /* Accounts.framework */,
				5B456E3A1A04B4C60017C065 /* QuartzCore.framework */,
			);
			name = Frameworks;
			sourceTree = "<group>";
		};
		5B456E3E1A04B6220017C065 /* External Libs */ = {
			isa = PBXGroup;
			children = (
				5BEF8F271A05FFB800F4ACF8 /* CorePlot-CocoaTouch.xcodeproj */,
			);
			name = "External Libs";
			sourceTree = "<group>";
		};
		5B6946751A066B3000B341D1 /* Models */ = {
			isa = PBXGroup;
			children = (
				5B6946771A066B6800B341D1 /* DonationModel.h */,
				5B6946781A066B6800B341D1 /* DonationModel.m */,
			);
			name = Models;
			sourceTree = "<group>";
		};
		5B6946761A066B3700B341D1 /* Managers */ = {
			isa = PBXGroup;
			children = (
				5B69467A1A066C1D00B341D1 /* ModelManager.h */,
				5B69467B1A066C1D00B341D1 /* ModelManager.m */,
			);
			name = Managers;
			sourceTree = "<group>";
		};
		5BEF8F281A05FFB800F4ACF8 /* Products */ = {
			isa = PBXGroup;
			children = (
				5BEF8F2E1A05FFB800F4ACF8 /* libCorePlot-CocoaTouch.a */,
			);
			name = Products;
			sourceTree = "<group>";
		};
/* End PBXGroup section */

/* Begin PBXNativeTarget section */
		5B456E011A04A4DF0017C065 /* posibaiostest */ = {
			isa = PBXNativeTarget;
			buildConfigurationList = 5B456E281A04A4E00017C065 /* Build configuration list for PBXNativeTarget "posibaiostest" */;
			buildPhases = (
				5B456DFE1A04A4DF0017C065 /* Sources */,
				5B456DFF1A04A4DF0017C065 /* Frameworks */,
				5B456E001A04A4DF0017C065 /* Resources */,
			);
			buildRules = (
			);
			dependencies = (
				5BEF8F301A05FFBE00F4ACF8 /* PBXTargetDependency */,
			);
			name = posibaiostest;
			productName = posibaiostest;
			productReference = 5B456E021A04A4DF0017C065 /* posibaiostest.app */;
			productType = "com.apple.product-type.application";
		};
/* End PBXNativeTarget section */

/* Begin PBXProject section */
		5B456DFA1A04A4DF0017C065 /* Project object */ = {
			isa = PBXProject;
			attributes = {
				LastUpgradeCheck = 0610;
				ORGANIZATIONNAME = "Tri Vo";
				TargetAttributes = {
					5B456E011A04A4DF0017C065 = {
						CreatedOnToolsVersion = 6.1;
						DevelopmentTeam = PP3D7A2MP5;
					};
				};
			};
			buildConfigurationList = 5B456DFD1A04A4DF0017C065 /* Build configuration list for PBXProject "posibaiostest" */;
			compatibilityVersion = "Xcode 3.2";
			developmentRegion = English;
			hasScannedForEncodings = 0;
			knownRegions = (
				en,
				Base,
			);
			mainGroup = 5B456DF91A04A4DF0017C065;
			productRefGroup = 5B456E031A04A4DF0017C065 /* Products */;
			projectDirPath = "";
			projectReferences = (
				{
					ProductGroup = 5BEF8F281A05FFB800F4ACF8 /* Products */;
					ProjectRef = 5BEF8F271A05FFB800F4ACF8 /* CorePlot-CocoaTouch.xcodeproj */;
				},
			);
			projectRoot = "";
			targets = (
				5B456E011A04A4DF0017C065 /* posibaiostest */,
			);
		};
/* End PBXProject section */

/* Begin PBXReferenceProxy section */
		5BEF8F2E1A05FFB800F4ACF8 /* libCorePlot-CocoaTouch.a */ = {
			isa = PBXReferenceProxy;
			fileType = archive.ar;
			path = "libCorePlot-CocoaTouch.a";
			remoteRef = 5BEF8F2D1A05FFB800F4ACF8 /* PBXContainerItemProxy */;
			sourceTree = BUILT_PRODUCTS_DIR;
		};
/* End PBXReferenceProxy section */

/* Begin PBXResourcesBuildPhase section */
		5B456E001A04A4DF0017C065 /* Resources */ = {
			isa = PBXResourcesBuildPhase;
			buildActionMask = 2147483647;
			files = (
				5BBF07AE1A0681D300140BC4 /* posibaiostest.json in Resources */,
				5B456E391A04A55D0017C065 /* MainViewController.xib in Resources */,
				5B456E161A04A4DF0017C065 /* Images.xcassets in Resources */,
			);
			runOnlyForDeploymentPostprocessing = 0;
		};
/* End PBXResourcesBuildPhase section */

/* Begin PBXSourcesBuildPhase section */
		5B456DFE1A04A4DF0017C065 /* Sources */ = {
			isa = PBXSourcesBuildPhase;
			buildActionMask = 2147483647;
			files = (
				5B69467C1A066C1D00B341D1 /* ModelManager.m in Sources */,
				5B456E0B1A04A4DF0017C065 /* AppDelegate.m in Sources */,
				5B456E341A04A5420017C065 /* BaseViewController.m in Sources */,
				5B456E0E1A04A4DF0017C065 /* posibaiostest.xcdatamodeld in Sources */,
				5B6946791A066B6800B341D1 /* DonationModel.m in Sources */,
				5B456E381A04A55D0017C065 /* MainViewController.m in Sources */,
				5B456E081A04A4DF0017C065 /* main.m in Sources */,
			);
			runOnlyForDeploymentPostprocessing = 0;
		};
/* End PBXSourcesBuildPhase section */

/* Begin PBXTargetDependency section */
		5BEF8F301A05FFBE00F4ACF8 /* PBXTargetDependency */ = {
			isa = PBXTargetDependency;
			name = "CorePlot-CocoaTouch";
			targetProxy = 5BEF8F2F1A05FFBE00F4ACF8 /* PBXContainerItemProxy */;
		};
/* End PBXTargetDependency section */

/* Begin PBXVariantGroup section */
		5B456E171A04A4DF0017C065 /* LaunchScreen.xib */ = {
			isa = PBXVariantGroup;
			children = (
				5B456E181A04A4DF0017C065 /* Base */,
			);
			name = LaunchScreen.xib;
			sourceTree = "<group>";
		};
/* End PBXVariantGroup section */

/* Begin XCBuildConfiguration section */
		5B456E261A04A4E00017C065 /* Debug */ = {
			isa = XCBuildConfiguration;
			buildSettings = {
				ALWAYS_SEARCH_USER_PATHS = NO;
				CLANG_CXX_LANGUAGE_STANDARD = "gnu++0x";
				CLANG_CXX_LIBRARY = "libc++";
				CLANG_ENABLE_MODULES = YES;
				CLANG_ENABLE_OBJC_ARC = YES;
				CLANG_WARN_BOOL_CONVERSION = YES;
				CLANG_WARN_CONSTANT_CONVERSION = YES;
				CLANG_WARN_DIRECT_OBJC_ISA_USAGE = YES_ERROR;
				CLANG_WARN_EMPTY_BODY = YES;
				CLANG_WARN_ENUM_CONVERSION = YES;
				CLANG_WARN_INT_CONVERSION = YES;
				CLANG_WARN_OBJC_ROOT_CLASS = YES_ERROR;
				CLANG_WARN_UNREACHABLE_CODE = YES;
				CLANG_WARN__DUPLICATE_METHOD_MATCH = YES;
				"CODE_SIGN_IDENTITY[sdk=iphoneos*]" = "iPhone Developer";
				COPY_PHASE_STRIP = NO;
				ENABLE_STRICT_OBJC_MSGSEND = YES;
				GCC_C_LANGUAGE_STANDARD = gnu99;
				GCC_DYNAMIC_NO_PIC = NO;
				GCC_OPTIMIZATION_LEVEL = 0;
				GCC_PREPROCESSOR_DEFINITIONS = (
					"DEBUG=1",
					"$(inherited)",
				);
				GCC_SYMBOLS_PRIVATE_EXTERN = NO;
				GCC_WARN_64_TO_32_BIT_CONVERSION = YES;
				GCC_WARN_ABOUT_RETURN_TYPE = YES_ERROR;
				GCC_WARN_UNDECLARED_SELECTOR = YES;
				GCC_WARN_UNINITIALIZED_AUTOS = YES_AGGRESSIVE;
				GCC_WARN_UNUSED_FUNCTION = YES;
				GCC_WARN_UNUSED_VARIABLE = YES;
				IPHONEOS_DEPLOYMENT_TARGET = 8.1;
				MTL_ENABLE_DEBUG_INFO = YES;
				ONLY_ACTIVE_ARCH = YES;
				SDKROOT = iphoneos;
				TARGETED_DEVICE_FAMILY = "1,2";
			};
			name = Debug;
		};
		5B456E271A04A4E00017C065 /* Release */ = {
			isa = XCBuildConfiguration;
			buildSettings = {
				ALWAYS_SEARCH_USER_PATHS = NO;
				CLANG_CXX_LANGUAGE_STANDARD = "gnu++0x";
				CLANG_CXX_LIBRARY = "libc++";
				CLANG_ENABLE_MODULES = YES;
				CLANG_ENABLE_OBJC_ARC = YES;
				CLANG_WARN_BOOL_CONVERSION = YES;
				CLANG_WARN_CONSTANT_CONVERSION = YES;
				CLANG_WARN_DIRECT_OBJC_ISA_USAGE = YES_ERROR;
				CLANG_WARN_EMPTY_BODY = YES;
				CLANG_WARN_ENUM_CONVERSION = YES;
				CLANG_WARN_INT_CONVERSION = YES;
				CLANG_WARN_OBJC_ROOT_CLASS = YES_ERROR;
				CLANG_WARN_UNREACHABLE_CODE = YES;
				CLANG_WARN__DUPLICATE_METHOD_MATCH = YES;
				"CODE_SIGN_IDENTITY[sdk=iphoneos*]" = "iPhone Developer";
				COPY_PHASE_STRIP = YES;
				ENABLE_NS_ASSERTIONS = NO;
				ENABLE_STRICT_OBJC_MSGSEND = YES;
				GCC_C_LANGUAGE_STANDARD = gnu99;
				GCC_WARN_64_TO_32_BIT_CONVERSION = YES;
				GCC_WARN_ABOUT_RETURN_TYPE = YES_ERROR;
				GCC_WARN_UNDECLARED_SELECTOR = YES;
				GCC_WARN_UNINITIALIZED_AUTOS = YES_AGGRESSIVE;
				GCC_WARN_UNUSED_FUNCTION = YES;
				GCC_WARN_UNUSED_VARIABLE = YES;
				IPHONEOS_DEPLOYMENT_TARGET = 8.1;
				MTL_ENABLE_DEBUG_INFO = NO;
				SDKROOT = iphoneos;
				TARGETED_DEVICE_FAMILY = "1,2";
				VALIDATE_PRODUCT = YES;
			};
			name = Release;
		};
		5B456E291A04A4E00017C065 /* Debug */ = {
			isa = XCBuildConfiguration;
			buildSettings = {
				ALWAYS_SEARCH_USER_PATHS = YES;
				ASSETCATALOG_COMPILER_APPICON_NAME = AppIcon;
				CLANG_ENABLE_OBJC_ARC = NO;
				CODE_SIGN_IDENTITY = "iPhone Developer";
				FRAMEWORK_SEARCH_PATHS = "";
				HEADER_SEARCH_PATHS = (
					"$(inherited)",
					/Applications/Xcode.app/Contents/Developer/Toolchains/XcodeDefault.xctoolchain/usr/include,
					"\"${PROJECT_DIR}/\"/**",
				);
				INFOPLIST_FILE = posibaiostest/Info.plist;
				IPHONEOS_DEPLOYMENT_TARGET = 6.1;
				LD_RUNPATH_SEARCH_PATHS = "$(inherited) @executable_path/Frameworks";
				LIBRARY_SEARCH_PATHS = "";
				OTHER_LDFLAGS = "-ObjC";
				PRODUCT_NAME = "$(TARGET_NAME)";
				PROVISIONING_PROFILE = "f2119b97-f914-4502-80d4-1ac7dc7824bd";
				USER_HEADER_SEARCH_PATHS = "\"${PROJECT_DIR}/\"/**";
			};
			name = Debug;
		};
		5B456E2A1A04A4E00017C065 /* Release */ = {
			isa = XCBuildConfiguration;
			buildSettings = {
				ALWAYS_SEARCH_USER_PATHS = YES;
				ASSETCATALOG_COMPILER_APPICON_NAME = AppIcon;
				CLANG_ENABLE_OBJC_ARC = NO;
				CODE_SIGN_IDENTITY = "iPhone Developer";
				FRAMEWORK_SEARCH_PATHS = "";
				HEADER_SEARCH_PATHS = (
					"$(inherited)",
					/Applications/Xcode.app/Contents/Developer/Toolchains/XcodeDefault.xctoolchain/usr/include,
					"\"${PROJECT_DIR}/\"/**",
				);
				INFOPLIST_FILE = posibaiostest/Info.plist;
				IPHONEOS_DEPLOYMENT_TARGET = 6.1;
				LD_RUNPATH_SEARCH_PATHS = "$(inherited) @executable_path/Frameworks";
				LIBRARY_SEARCH_PATHS = "";
				OTHER_LDFLAGS = "-ObjC";
				PRODUCT_NAME = "$(TARGET_NAME)";
				PROVISIONING_PROFILE = "f2119b97-f914-4502-80d4-1ac7dc7824bd";
				USER_HEADER_SEARCH_PATHS = "\"${PROJECT_DIR}/\"/**";
			};
			name = Release;
		};
/* End XCBuildConfiguration section */

/* Begin XCConfigurationList section */
		5B456DFD1A04A4DF0017C065 /* Build configuration list for PBXProject "posibaiostest" */ = {
			isa = XCConfigurationList;
			buildConfigurations = (
				5B456E261A04A4E00017C065 /* Debug */,
				5B456E271A04A4E00017C065 /* Release */,
			);
			defaultConfigurationIsVisible = 0;
			defaultConfigurationName = Release;
		};
		5B456E281A04A4E00017C065 /* Build configuration list for PBXNativeTarget "posibaiostest" */ = {
			isa = XCConfigurationList;
			buildConfigurations = (
				5B456E291A04A4E00017C065 /* Debug */,
				5B456E2A1A04A4E00017C065 /* Release */,
			);
			defaultConfigurationIsVisible = 0;
			defaultConfigurationName = Release;
		};
/* End XCConfigurationList section */

/* Begin XCVersionGroup section */
		5B456E0C1A04A4DF0017C065 /* posibaiostest.xcdatamodeld */ = {
			isa = XCVersionGroup;
			children = (
				5B456E0D1A04A4DF0017C065 /* posibaiostest.xcdatamodel */,
			);
			currentVersion = 5B456E0D1A04A4DF0017C065 /* posibaiostest.xcdatamodel */;
			path = posibaiostest.xcdatamodeld;
			sourceTree = "<group>";
			versionGroupType = wrapper.xcdatamodel;
		};
/* End XCVersionGroup section */
	};
	rootObject = 5B456DFA1A04A4DF0017C065 /* Project object */;
}
